// !$*UTF8*$!
{
	archiveVersion = 1;
	classes = {
	};
	objectVersion = 51;
	objects = {

/* Begin PBXBuildFile section */
		21097B7C275DA18100F955AB /* HomeViewController.swift in Sources */ = {isa = PBXBuildFile; fileRef = 21097B7B275DA18100F955AB /* HomeViewController.swift */; };
		21097B7F275DA93400F955AB /* NewsTableViewCell.swift in Sources */ = {isa = PBXBuildFile; fileRef = 21097B7D275DA93400F955AB /* NewsTableViewCell.swift */; };
		21097B80275DA93400F955AB /* NewsTableViewCell.xib in Resources */ = {isa = PBXBuildFile; fileRef = 21097B7E275DA93400F955AB /* NewsTableViewCell.xib */; };
		2183828A275B6CEE00096E58 /* AppDelegate.swift in Sources */ = {isa = PBXBuildFile; fileRef = 21838289275B6CEE00096E58 /* AppDelegate.swift */; };
		2183828C275B6CEE00096E58 /* SceneDelegate.swift in Sources */ = {isa = PBXBuildFile; fileRef = 2183828B275B6CEE00096E58 /* SceneDelegate.swift */; };
		2183828E275B6CEE00096E58 /* SplashController.swift in Sources */ = {isa = PBXBuildFile; fileRef = 2183828D275B6CEE00096E58 /* SplashController.swift */; };
		21838291275B6CEE00096E58 /* Main.storyboard in Resources */ = {isa = PBXBuildFile; fileRef = 2183828F275B6CEE00096E58 /* Main.storyboard */; };
		21838293275B6CF000096E58 /* Assets.xcassets in Resources */ = {isa = PBXBuildFile; fileRef = 21838292275B6CF000096E58 /* Assets.xcassets */; };
		21838296275B6CF000096E58 /* LaunchScreen.storyboard in Resources */ = {isa = PBXBuildFile; fileRef = 21838294275B6CF000096E58 /* LaunchScreen.storyboard */; };
		2186E47B2781C978007617AB /* NewsCategoriesController.swift in Sources */ = {isa = PBXBuildFile; fileRef = 2186E47A2781C978007617AB /* NewsCategoriesController.swift */; };
		2186E47D2781CE99007617AB /* SearchController.swift in Sources */ = {isa = PBXBuildFile; fileRef = 2186E47C2781CE99007617AB /* SearchController.swift */; };
		2186E47F2781E5BA007617AB /* SearchResultsController.swift in Sources */ = {isa = PBXBuildFile; fileRef = 2186E47E2781E5BA007617AB /* SearchResultsController.swift */; };
		218B6767275DFEB300E21F8E /* NewsDetailController.swift in Sources */ = {isa = PBXBuildFile; fileRef = 218B6766275DFEB300E21F8E /* NewsDetailController.swift */; };
		21DC1E4F275DBE84008FAF98 /* NewsResponse.swift in Sources */ = {isa = PBXBuildFile; fileRef = 21DC1E4E275DBE84008FAF98 /* NewsResponse.swift */; };
		88013D3B8BCA9421A007E7CC /* Pods_DailyNews.framework in Frameworks */ = {isa = PBXBuildFile; fileRef = 942A4E2033445F8407E244CE /* Pods_DailyNews.framework */; };
/* End PBXBuildFile section */

/* Begin PBXFileReference section */
		21097B7B275DA18100F955AB /* HomeViewController.swift */ = {isa = PBXFileReference; lastKnownFileType = sourcecode.swift; path = HomeViewController.swift; sourceTree = "<group>"; };
		21097B7D275DA93400F955AB /* NewsTableViewCell.swift */ = {isa = PBXFileReference; lastKnownFileType = sourcecode.swift; path = NewsTableViewCell.swift; sourceTree = "<group>"; };
		21097B7E275DA93400F955AB /* NewsTableViewCell.xib */ = {isa = PBXFileReference; lastKnownFileType = file.xib; path = NewsTableViewCell.xib; sourceTree = "<group>"; };
		21838286275B6CEE00096E58 /* DailyNews.app */ = {isa = PBXFileReference; explicitFileType = wrapper.application; includeInIndex = 0; path = DailyNews.app; sourceTree = BUILT_PRODUCTS_DIR; };
		21838289275B6CEE00096E58 /* AppDelegate.swift */ = {isa = PBXFileReference; lastKnownFileType = sourcecode.swift; path = AppDelegate.swift; sourceTree = "<group>"; };
		2183828B275B6CEE00096E58 /* SceneDelegate.swift */ = {isa = PBXFileReference; lastKnownFileType = sourcecode.swift; path = SceneDelegate.swift; sourceTree = "<group>"; };
		2183828D275B6CEE00096E58 /* SplashController.swift */ = {isa = PBXFileReference; lastKnownFileType = sourcecode.swift; path = SplashController.swift; sourceTree = "<group>"; };
		21838290275B6CEE00096E58 /* Base */ = {isa = PBXFileReference; lastKnownFileType = file.storyboard; name = Base; path = Base.lproj/Main.storyboard; sourceTree = "<group>"; };
		21838292275B6CF000096E58 /* Assets.xcassets */ = {isa = PBXFileReference; lastKnownFileType = folder.assetcatalog; path = Assets.xcassets; sourceTree = "<group>"; };
		21838295275B6CF000096E58 /* Base */ = {isa = PBXFileReference; lastKnownFileType = file.storyboard; name = Base; path = Base.lproj/LaunchScreen.storyboard; sourceTree = "<group>"; };
		21838297275B6CF000096E58 /* Info.plist */ = {isa = PBXFileReference; lastKnownFileType = text.plist.xml; path = Info.plist; sourceTree = "<group>"; };
		2186E47A2781C978007617AB /* NewsCategoriesController.swift */ = {isa = PBXFileReference; lastKnownFileType = sourcecode.swift; path = NewsCategoriesController.swift; sourceTree = "<group>"; };
		2186E47C2781CE99007617AB /* SearchController.swift */ = {isa = PBXFileReference; lastKnownFileType = sourcecode.swift; path = SearchController.swift; sourceTree = "<group>"; };
		2186E47E2781E5BA007617AB /* SearchResultsController.swift */ = {isa = PBXFileReference; lastKnownFileType = sourcecode.swift; path = SearchResultsController.swift; sourceTree = "<group>"; };
		218B6766275DFEB300E21F8E /* NewsDetailController.swift */ = {isa = PBXFileReference; lastKnownFileType = sourcecode.swift; path = NewsDetailController.swift; sourceTree = "<group>"; };
		21DC1E4E275DBE84008FAF98 /* NewsResponse.swift */ = {isa = PBXFileReference; lastKnownFileType = sourcecode.swift; path = NewsResponse.swift; sourceTree = "<group>"; };
		299F35BADAB4D57F3C15F588 /* Pods-DailyNews.debug.xcconfig */ = {isa = PBXFileReference; includeInIndex = 1; lastKnownFileType = text.xcconfig; name = "Pods-DailyNews.debug.xcconfig"; path = "Target Support Files/Pods-DailyNews/Pods-DailyNews.debug.xcconfig"; sourceTree = "<group>"; };
		531449F55A87695B71ADC539 /* Pods-DailyNews.release.xcconfig */ = {isa = PBXFileReference; includeInIndex = 1; lastKnownFileType = text.xcconfig; name = "Pods-DailyNews.release.xcconfig"; path = "Target Support Files/Pods-DailyNews/Pods-DailyNews.release.xcconfig"; sourceTree = "<group>"; };
		942A4E2033445F8407E244CE /* Pods_DailyNews.framework */ = {isa = PBXFileReference; explicitFileType = wrapper.framework; includeInIndex = 0; path = Pods_DailyNews.framework; sourceTree = BUILT_PRODUCTS_DIR; };
/* End PBXFileReference section */

/* Begin PBXFrameworksBuildPhase section */
		21838283275B6CEE00096E58 /* Frameworks */ = {
			isa = PBXFrameworksBuildPhase;
			buildActionMask = 2147483647;
			files = (
				88013D3B8BCA9421A007E7CC /* Pods_DailyNews.framework in Frameworks */,
			);
			runOnlyForDeploymentPostprocessing = 0;
		};
/* End PBXFrameworksBuildPhase section */

/* Begin PBXGroup section */
		14E1AE0DBEA6295355CCDAD9 /* Frameworks */ = {
			isa = PBXGroup;
			children = (
				942A4E2033445F8407E244CE /* Pods_DailyNews.framework */,
			);
			name = Frameworks;
			sourceTree = "<group>";
		};
		21097B81275DA93C00F955AB /* Screens */ = {
			isa = PBXGroup;
			children = (
				21097B7B275DA18100F955AB /* HomeViewController.swift */,
				2183828F275B6CEE00096E58 /* Main.storyboard */,
				2183828D275B6CEE00096E58 /* SplashController.swift */,
				21097B7D275DA93400F955AB /* NewsTableViewCell.swift */,
				21097B7E275DA93400F955AB /* NewsTableViewCell.xib */,
				21838294275B6CF000096E58 /* LaunchScreen.storyboard */,
				218B6766275DFEB300E21F8E /* NewsDetailController.swift */,
				2186E47A2781C978007617AB /* NewsCategoriesController.swift */,
				2186E47C2781CE99007617AB /* SearchController.swift */,
				2186E47E2781E5BA007617AB /* SearchResultsController.swift */,
			);
			path = Screens;
			sourceTree = "<group>";
		};
		2183827D275B6CEE00096E58 = {
			isa = PBXGroup;
			children = (
				21838288275B6CEE00096E58 /* DailyNews */,
				21838287275B6CEE00096E58 /* Products */,
				D86AA861013744EE4787553A /* Pods */,
				14E1AE0DBEA6295355CCDAD9 /* Frameworks */,
			);
			sourceTree = "<group>";
		};
		21838287275B6CEE00096E58 /* Products */ = {
			isa = PBXGroup;
			children = (
				21838286275B6CEE00096E58 /* DailyNews.app */,
			);
			name = Products;
			sourceTree = "<group>";
		};
		21838288275B6CEE00096E58 /* DailyNews */ = {
			isa = PBXGroup;
			children = (
				21DC1E4D275DBE27008FAF98 /* Models */,
				21097B81275DA93C00F955AB /* Screens */,
				21838289275B6CEE00096E58 /* AppDelegate.swift */,
				2183828B275B6CEE00096E58 /* SceneDelegate.swift */,
				21838292275B6CF000096E58 /* Assets.xcassets */,
				21838297275B6CF000096E58 /* Info.plist */,
			);
			path = DailyNews;
			sourceTree = "<group>";
		};
		21DC1E4D275DBE27008FAF98 /* Models */ = {
			isa = PBXGroup;
			children = (
				21DC1E4E275DBE84008FAF98 /* NewsResponse.swift */,
			);
			path = Models;
			sourceTree = "<group>";
		};
		D86AA861013744EE4787553A /* Pods */ = {
			isa = PBXGroup;
			children = (
				299F35BADAB4D57F3C15F588 /* Pods-DailyNews.debug.xcconfig */,
				531449F55A87695B71ADC539 /* Pods-DailyNews.release.xcconfig */,
			);
			path = Pods;
			sourceTree = "<group>";
		};
/* End PBXGroup section */

/* Begin PBXNativeTarget section */
		21838285275B6CEE00096E58 /* DailyNews */ = {
			isa = PBXNativeTarget;
			buildConfigurationList = 2183829A275B6CF000096E58 /* Build configuration list for PBXNativeTarget "DailyNews" */;
			buildPhases = (
				6379C0A24BECAE3DC0EAC55A /* [CP] Check Pods Manifest.lock */,
				21838282275B6CEE00096E58 /* Sources */,
				21838283275B6CEE00096E58 /* Frameworks */,
				21838284275B6CEE00096E58 /* Resources */,
				25B9CAE3FB7CCD27D7F09126 /* [CP] Embed Pods Frameworks */,
			);
			buildRules = (
			);
			dependencies = (
			);
			name = DailyNews;
			productName = DailyNews;
			productReference = 21838286275B6CEE00096E58 /* DailyNews.app */;
			productType = "com.apple.product-type.application";
		};
/* End PBXNativeTarget section */

/* Begin PBXProject section */
		2183827E275B6CEE00096E58 /* Project object */ = {
			isa = PBXProject;
			attributes = {
				LastSwiftUpdateCheck = 1250;
				LastUpgradeCheck = 1250;
				TargetAttributes = {
					21838285275B6CEE00096E58 = {
						CreatedOnToolsVersion = 12.5.1;
					};
				};
			};
			buildConfigurationList = 21838281275B6CEE00096E58 /* Build configuration list for PBXProject "DailyNews" */;
			compatibilityVersion = "Xcode 9.3";
			developmentRegion = en;
			hasScannedForEncodings = 0;
			knownRegions = (
				en,
				Base,
			);
			mainGroup = 2183827D275B6CEE00096E58;
			productRefGroup = 21838287275B6CEE00096E58 /* Products */;
			projectDirPath = "";
			projectRoot = "";
			targets = (
				21838285275B6CEE00096E58 /* DailyNews */,
			);
		};
/* End PBXProject section */

/* Begin PBXResourcesBuildPhase section */
		21838284275B6CEE00096E58 /* Resources */ = {
			isa = PBXResourcesBuildPhase;
			buildActionMask = 2147483647;
			files = (
				21838296275B6CF000096E58 /* LaunchScreen.storyboard in Resources */,
				21838293275B6CF000096E58 /* Assets.xcassets in Resources */,
				21097B80275DA93400F955AB /* NewsTableViewCell.xib in Resources */,
				21838291275B6CEE00096E58 /* Main.storyboard in Resources */,
			);
			runOnlyForDeploymentPostprocessing = 0;
		};
/* End PBXResourcesBuildPhase section */

/* Begin PBXShellScriptBuildPhase section */
		25B9CAE3FB7CCD27D7F09126 /* [CP] Embed Pods Frameworks */ = {
			isa = PBXShellScriptBuildPhase;
			buildActionMask = 2147483647;
			files = (
			);
			inputFileListPaths = (
				"${PODS_ROOT}/Target Support Files/Pods-DailyNews/Pods-DailyNews-frameworks-${CONFIGURATION}-input-files.xcfilelist",
			);
			name = "[CP] Embed Pods Frameworks";
			outputFileListPaths = (
				"${PODS_ROOT}/Target Support Files/Pods-DailyNews/Pods-DailyNews-frameworks-${CONFIGURATION}-output-files.xcfilelist",
			);
			runOnlyForDeploymentPostprocessing = 0;
			shellPath = /bin/sh;
			shellScript = "\"${PODS_ROOT}/Target Support Files/Pods-DailyNews/Pods-DailyNews-frameworks.sh\"\n";
			showEnvVarsInLog = 0;
		};
		6379C0A24BECAE3DC0EAC55A /* [CP] Check Pods Manifest.lock */ = {
			isa = PBXShellScriptBuildPhase;
			buildActionMask = 2147483647;
			files = (
			);
			inputFileListPaths = (
			);
			inputPaths = (
				"${PODS_PODFILE_DIR_PATH}/Podfile.lock",
				"${PODS_ROOT}/Manifest.lock",
			);
			name = "[CP] Check Pods Manifest.lock";
			outputFileListPaths = (
			);
			outputPaths = (
				"$(DERIVED_FILE_DIR)/Pods-DailyNews-checkManifestLockResult.txt",
			);
			runOnlyForDeploymentPostprocessing = 0;
			shellPath = /bin/sh;
			shellScript = "diff \"${PODS_PODFILE_DIR_PATH}/Podfile.lock\" \"${PODS_ROOT}/Manifest.lock\" > /dev/null\nif [ $? != 0 ] ; then\n    # print error to STDERR\n    echo \"error: The sandbox is not in sync with the Podfile.lock. Run 'pod install' or update your CocoaPods installation.\" >&2\n    exit 1\nfi\n# This output is used by Xcode 'outputs' to avoid re-running this script phase.\necho \"SUCCESS\" > \"${SCRIPT_OUTPUT_FILE_0}\"\n";
			showEnvVarsInLog = 0;
		};
/* End PBXShellScriptBuildPhase section */

/* Begin PBXSourcesBuildPhase section */
		21838282275B6CEE00096E58 /* Sources */ = {
			isa = PBXSourcesBuildPhase;
			buildActionMask = 2147483647;
			files = (
				2186E47B2781C978007617AB /* NewsCategoriesController.swift in Sources */,
				2183828E275B6CEE00096E58 /* SplashController.swift in Sources */,
				2183828A275B6CEE00096E58 /* AppDelegate.swift in Sources */,
				21097B7F275DA93400F955AB /* NewsTableViewCell.swift in Sources */,
				2183828C275B6CEE00096E58 /* SceneDelegate.swift in Sources */,
				218B6767275DFEB300E21F8E /* NewsDetailController.swift in Sources */,
				21097B7C275DA18100F955AB /* HomeViewController.swift in Sources */,
				2186E47D2781CE99007617AB /* SearchController.swift in Sources */,
				2186E47F2781E5BA007617AB /* SearchResultsController.swift in Sources */,
				21DC1E4F275DBE84008FAF98 /* NewsResponse.swift in Sources */,
			);
			runOnlyForDeploymentPostprocessing = 0;
		};
/* End PBXSourcesBuildPhase section */

/* Begin PBXVariantGroup section */
		2183828F275B6CEE00096E58 /* Main.storyboard */ = {
			isa = PBXVariantGroup;
			children = (
				21838290275B6CEE00096E58 /* Base */,
			);
			name = Main.storyboard;
			sourceTree = "<group>";
		};
		21838294275B6CF000096E58 /* LaunchScreen.storyboard */ = {
			isa = PBXVariantGroup;
			children = (
				21838295275B6CF000096E58 /* Base */,
			);
			name = LaunchScreen.storyboard;
			sourceTree = "<group>";
		};
/* End PBXVariantGroup section */

/* Begin XCBuildConfiguration section */
		21838298275B6CF000096E58 /* Debug */ = {
			isa = XCBuildConfiguration;
			buildSettings = {
				ALWAYS_SEARCH_USER_PATHS = NO;
				CLANG_ANALYZER_NONNULL = YES;
				CLANG_ANALYZER_NUMBER_OBJECT_CONVERSION = YES_AGGRESSIVE;
				CLANG_CXX_LANGUAGE_STANDARD = "gnu++14";
				CLANG_CXX_LIBRARY = "libc++";
				CLANG_ENABLE_MODULES = YES;
				CLANG_ENABLE_OBJC_ARC = YES;
				CLANG_ENABLE_OBJC_WEAK = YES;
				CLANG_WARN_BLOCK_CAPTURE_AUTORELEASING = YES;
				CLANG_WARN_BOOL_CONVERSION = YES;
				CLANG_WARN_COMMA = YES;
				CLANG_WARN_CONSTANT_CONVERSION = YES;
				CLANG_WARN_DEPRECATED_OBJC_IMPLEMENTATIONS = YES;
				CLANG_WARN_DIRECT_OBJC_ISA_USAGE = YES_ERROR;
				CLANG_WARN_DOCUMENTATION_COMMENTS = YES;
				CLANG_WARN_EMPTY_BODY = YES;
				CLANG_WARN_ENUM_CONVERSION = YES;
				CLANG_WARN_INFINITE_RECURSION = YES;
				CLANG_WARN_INT_CONVERSION = YES;
				CLANG_WARN_NON_LITERAL_NULL_CONVERSION = YES;
				CLANG_WARN_OBJC_IMPLICIT_RETAIN_SELF = YES;
				CLANG_WARN_OBJC_LITERAL_CONVERSION = YES;
				CLANG_WARN_OBJC_ROOT_CLASS = YES_ERROR;
				CLANG_WARN_QUOTED_INCLUDE_IN_FRAMEWORK_HEADER = YES;
				CLANG_WARN_RANGE_LOOP_ANALYSIS = YES;
				CLANG_WARN_STRICT_PROTOTYPES = YES;
				CLANG_WARN_SUSPICIOUS_MOVE = YES;
				CLANG_WARN_UNGUARDED_AVAILABILITY = YES_AGGRESSIVE;
				CLANG_WARN_UNREACHABLE_CODE = YES;
				CLANG_WARN__DUPLICATE_METHOD_MATCH = YES;
				COPY_PHASE_STRIP = NO;
				DEBUG_INFORMATION_FORMAT = dwarf;
				ENABLE_STRICT_OBJC_MSGSEND = YES;
				ENABLE_TESTABILITY = YES;
				GCC_C_LANGUAGE_STANDARD = gnu11;
				GCC_DYNAMIC_NO_PIC = NO;
				GCC_NO_COMMON_BLOCKS = YES;
				GCC_OPTIMIZATION_LEVEL = 0;
				GCC_PREPROCESSOR_DEFINITIONS = (
					"DEBUG=1",
					"$(inherited)",
				);
				GCC_WARN_64_TO_32_BIT_CONVERSION = YES;
				GCC_WARN_ABOUT_RETURN_TYPE = YES_ERROR;
				GCC_WARN_UNDECLARED_SELECTOR = YES;
				GCC_WARN_UNINITIALIZED_AUTOS = YES_AGGRESSIVE;
				GCC_WARN_UNUSED_FUNCTION = YES;
				GCC_WARN_UNUSED_VARIABLE = YES;
				IPHONEOS_DEPLOYMENT_TARGET = 14.5;
				MTL_ENABLE_DEBUG_INFO = INCLUDE_SOURCE;
				MTL_FAST_MATH = YES;
				ONLY_ACTIVE_ARCH = YES;
				SDKROOT = iphoneos;
				SWIFT_ACTIVE_COMPILATION_CONDITIONS = DEBUG;
				SWIFT_OPTIMIZATION_LEVEL = "-Onone";
			};
			name = Debug;
		};
		21838299275B6CF000096E58 /* Release */ = {
			isa = XCBuildConfiguration;
			buildSettings = {
				ALWAYS_SEARCH_USER_PATHS = NO;
				CLANG_ANALYZER_NONNULL = YES;
				CLANG_ANALYZER_NUMBER_OBJECT_CONVERSION = YES_AGGRESSIVE;
				CLANG_CXX_LANGUAGE_STANDARD = "gnu++14";
				CLANG_CXX_LIBRARY = "libc++";
				CLANG_ENABLE_MODULES = YES;
				CLANG_ENABLE_OBJC_ARC = YES;
				CLANG_ENABLE_OBJC_WEAK = YES;
				CLANG_WARN_BLOCK_CAPTURE_AUTORELEASING = YES;
				CLANG_WARN_BOOL_CONVERSION = YES;
				CLANG_WARN_COMMA = YES;
				CLANG_WARN_CONSTANT_CONVERSION = YES;
				CLANG_WARN_DEPRECATED_OBJC_IMPLEMENTATIONS = YES;
				CLANG_WARN_DIRECT_OBJC_ISA_USAGE = YES_ERROR;
				CLANG_WARN_DOCUMENTATION_COMMENTS = YES;
				CLANG_WARN_EMPTY_BODY = YES;
				CLANG_WARN_ENUM_CONVERSION = YES;
				CLANG_WARN_INFINITE_RECURSION = YES;
				CLANG_WARN_INT_CONVERSION = YES;
				CLANG_WARN_NON_LITERAL_NULL_CONVERSION = YES;
				CLANG_WARN_OBJC_IMPLICIT_RETAIN_SELF = YES;
				CLANG_WARN_OBJC_LITERAL_CONVERSION = YES;
				CLANG_WARN_OBJC_ROOT_CLASS = YES_ERROR;
				CLANG_WARN_QUOTED_INCLUDE_IN_FRAMEWORK_HEADER = YES;
				CLANG_WARN_RANGE_LOOP_ANALYSIS = YES;
				CLANG_WARN_STRICT_PROTOTYPES = YES;
				CLANG_WARN_SUSPICIOUS_MOVE = YES;
				CLANG_WARN_UNGUARDED_AVAILABILITY = YES_AGGRESSIVE;
				CLANG_WARN_UNREACHABLE_CODE = YES;
				CLANG_WARN__DUPLICATE_METHOD_MATCH = YES;
				COPY_PHASE_STRIP = NO;
				DEBUG_INFORMATION_FORMAT = "dwarf-with-dsym";
				ENABLE_NS_ASSERTIONS = NO;
				ENABLE_STRICT_OBJC_MSGSEND = YES;
				GCC_C_LANGUAGE_STANDARD = gnu11;
				GCC_NO_COMMON_BLOCKS = YES;
				GCC_WARN_64_TO_32_BIT_CONVERSION = YES;
				GCC_WARN_ABOUT_RETURN_TYPE = YES_ERROR;
				GCC_WARN_UNDECLARED_SELECTOR = YES;
				GCC_WARN_UNINITIALIZED_AUTOS = YES_AGGRESSIVE;
				GCC_WARN_UNUSED_FUNCTION = YES;
				GCC_WARN_UNUSED_VARIABLE = YES;
				IPHONEOS_DEPLOYMENT_TARGET = 14.5;
				MTL_ENABLE_DEBUG_INFO = NO;
				MTL_FAST_MATH = YES;
				SDKROOT = iphoneos;
				SWIFT_COMPILATION_MODE = wholemodule;
				SWIFT_OPTIMIZATION_LEVEL = "-O";
				VALIDATE_PRODUCT = YES;
			};
			name = Release;
		};
		2183829B275B6CF000096E58 /* Debug */ = {
			isa = XCBuildConfiguration;
			baseConfigurationReference = 299F35BADAB4D57F3C15F588 /* Pods-DailyNews.debug.xcconfig */;
			buildSettings = {
				ASSETCATALOG_COMPILER_APPICON_NAME = AppIcon;
				ASSETCATALOG_COMPILER_GLOBAL_ACCENT_COLOR_NAME = AccentColor;
				CODE_SIGN_STYLE = Automatic;
				INFOPLIST_FILE = DailyNews/Info.plist;
				LD_RUNPATH_SEARCH_PATHS = (
					"$(inherited)",
					"@executable_path/Frameworks",
				);
				PRODUCT_BUNDLE_IDENTIFIER = VietAnhDoan.DailyNews;
				PRODUCT_NAME = "$(TARGET_NAME)";
				SWIFT_VERSION = 5.0;
				TARGETED_DEVICE_FAMILY = "1,2";
			};
			name = Debug;
		};
		2183829C275B6CF000096E58 /* Release */ = {
			isa = XCBuildConfiguration;
			baseConfigurationReference = 531449F55A87695B71ADC539 /* Pods-DailyNews.release.xcconfig */;
			buildSettings = {
				ASSETCATALOG_COMPILER_APPICON_NAME = AppIcon;
				ASSETCATALOG_COMPILER_GLOBAL_ACCENT_COLOR_NAME = AccentColor;
				CODE_SIGN_STYLE = Automatic;
				INFOPLIST_FILE = DailyNews/Info.plist;
				LD_RUNPATH_SEARCH_PATHS = (
					"$(inherited)",
					"@executable_path/Frameworks",
				);
				PRODUCT_BUNDLE_IDENTIFIER = VietAnhDoan.DailyNews;
				PRODUCT_NAME = "$(TARGET_NAME)";
				SWIFT_VERSION = 5.0;
				TARGETED_DEVICE_FAMILY = "1,2";
			};
			name = Release;
		};
/* End XCBuildConfiguration section */

/* Begin XCConfigurationList section */
		21838281275B6CEE00096E58 /* Build configuration list for PBXProject "DailyNews" */ = {
			isa = XCConfigurationList;
			buildConfigurations = (
				21838298275B6CF000096E58 /* Debug */,
				21838299275B6CF000096E58 /* Release */,
			);
			defaultConfigurationIsVisible = 0;
			defaultConfigurationName = Release;
		};
		2183829A275B6CF000096E58 /* Build configuration list for PBXNativeTarget "DailyNews" */ = {
			isa = XCConfigurationList;
			buildConfigurations = (
				2183829B275B6CF000096E58 /* Debug */,
				2183829C275B6CF000096E58 /* Release */,
			);
			defaultConfigurationIsVisible = 0;
			defaultConfigurationName = Release;
		};
/* End XCConfigurationList section */
	};
	rootObject = 2183827E275B6CEE00096E58 /* Project object */;
}
